
Microsoft Visual Studio Solution File, Format Version 12.00
# Visual Studio Version 17
VisualStudioVersion = 17.5.33516.290
MinimumVisualStudioVersion = 10.0.40219.1
Project("{FAE04EC0-301F-11D3-BF4B-00C04F79EFBC}") = "CarServiceWpfApp", "CarServiceWpfApp\CarServiceWpfApp.csproj", "{14D0E6EA-E3FB-425C-A0F7-D12F942046C8}"
EndProject
Project("{FAE04EC0-301F-11D3-BF4B-00C04F79EFBC}") = "CarServiceClassLibrary", "ClassLibrary1\CarServiceClassLibrary.csproj", "{3E275DD9-E6B0-4A68-9148-EB0B61D0683A}"
EndProject
Global
	GlobalSection(SolutionConfigurationPlatforms) = preSolution
		Debug|Any CPU = Debug|Any CPU
		Release|Any CPU = Release|Any CPU
	EndGlobalSection
	GlobalSection(ProjectConfigurationPlatforms) = postSolution
		{14D0E6EA-E3FB-425C-A0F7-D12F942046C8}.Debug|Any CPU.ActiveCfg = Debug|Any CPU
		{14D0E6EA-E3FB-425C-A0F7-D12F942046C8}.Debug|Any CPU.Build.0 = Debug|Any CPU
		{14D0E6EA-E3FB-425C-A0F7-D12F942046C8}.Release|Any CPU.ActiveCfg = Release|Any CPU
		{14D0E6EA-E3FB-425C-A0F7-D12F942046C8}.Release|Any CPU.Build.0 = Release|Any CPU
		{3E275DD9-E6B0-4A68-9148-EB0B61D0683A}.Debug|Any CPU.ActiveCfg = Debug|Any CPU
		{3E275DD9-E6B0-4A68-9148-EB0B61D0683A}.Debug|Any CPU.Build.0 = Debug|Any CPU
		{3E275DD9-E6B0-4A68-9148-EB0B61D0683A}.Release|Any CPU.ActiveCfg = Release|Any CPU
		{3E275DD9-E6B0-4A68-9148-EB0B61D0683A}.Release|Any CPU.Build.0 = Release|Any CPU
	EndGlobalSection
	GlobalSection(SolutionProperties) = preSolution
		HideSolutionNode = FALSE
	EndGlobalSection
	GlobalSection(ExtensibilityGlobals) = postSolution
		SolutionGuid = {5AA39F52-1C00-425F-8B7E-DCC1DD2E4FD9}
	EndGlobalSection
EndGlobal
